
Microsoft Visual Studio Solution File, Format Version 12.00
# Visual Studio Version 16
VisualStudioVersion = 16.0.30503.244
MinimumVisualStudioVersion = 10.0.40219.1
Project("{FAE04EC0-301F-11D3-BF4B-00C04F79EFBC}") = "Question1-solution", "Question1-solution\Question1-solution.csproj", "{30AC5216-CFDD-474A-B1B9-01192BC52359}"
EndProject
Global
	GlobalSection(SolutionConfigurationPlatforms) = preSolution
		Debug|Any CPU = Debug|Any CPU
		Release|Any CPU = Release|Any CPU
	EndGlobalSection
	GlobalSection(ProjectConfigurationPlatforms) = postSolution
		{30AC5216-CFDD-474A-B1B9-01192BC52359}.Debug|Any CPU.ActiveCfg = Debug|Any CPU
		{30AC5216-CFDD-474A-B1B9-01192BC52359}.Debug|Any CPU.Build.0 = Debug|Any CPU
		{30AC5216-CFDD-474A-B1B9-01192BC52359}.Release|Any CPU.ActiveCfg = Release|Any CPU
		{30AC5216-CFDD-474A-B1B9-01192BC52359}.Release|Any CPU.Build.0 = Release|Any CPU
	EndGlobalSection
	GlobalSection(SolutionProperties) = preSolution
		HideSolutionNode = FALSE
	EndGlobalSection
	GlobalSection(ExtensibilityGlobals) = postSolution
		SolutionGuid = {085113E0-92D3-49EC-8414-09BD375560FD}
	EndGlobalSection
EndGlobal
