
Microsoft Visual Studio Solution File, Format Version 12.00
# Visual Studio Version 17
VisualStudioVersion = 17.2.32630.192
MinimumVisualStudioVersion = 10.0.40219.1
Project("{FAE04EC0-301F-11D3-BF4B-00C04F79EFBC}") = "Lecture2BExercise4", "Lecture2BExercise4\Lecture2BExercise4.csproj", "{C01E81D5-0944-4BC4-8777-98D792E71775}"
EndProject
Global
	GlobalSection(SolutionConfigurationPlatforms) = preSolution
		Debug|Any CPU = Debug|Any CPU
		Release|Any CPU = Release|Any CPU
	EndGlobalSection
	GlobalSection(ProjectConfigurationPlatforms) = postSolution
		{C01E81D5-0944-4BC4-8777-98D792E71775}.Debug|Any CPU.ActiveCfg = Debug|Any CPU
		{C01E81D5-0944-4BC4-8777-98D792E71775}.Debug|Any CPU.Build.0 = Debug|Any CPU
		{C01E81D5-0944-4BC4-8777-98D792E71775}.Release|Any CPU.ActiveCfg = Release|Any CPU
		{C01E81D5-0944-4BC4-8777-98D792E71775}.Release|Any CPU.Build.0 = Release|Any CPU
	EndGlobalSection
	GlobalSection(SolutionProperties) = preSolution
		HideSolutionNode = FALSE
	EndGlobalSection
	GlobalSection(ExtensibilityGlobals) = postSolution
		SolutionGuid = {B83FF86C-518A-4D6F-9AE7-772E46E97DB1}
	EndGlobalSection
EndGlobal
