
Microsoft Visual Studio Solution File, Format Version 12.00
# Visual Studio Version 17
VisualStudioVersion = 17.2.32630.192
MinimumVisualStudioVersion = 10.0.40219.1
Project("{FAE04EC0-301F-11D3-BF4B-00C04F79EFBC}") = "Lecture3B-Exercise1", "Lecture3B-Exercise1\Lecture3B-Exercise1.csproj", "{AAE984F1-E299-41AD-B2B9-B3B42EB4569F}"
EndProject
Global
	GlobalSection(SolutionConfigurationPlatforms) = preSolution
		Debug|Any CPU = Debug|Any CPU
		Release|Any CPU = Release|Any CPU
	EndGlobalSection
	GlobalSection(ProjectConfigurationPlatforms) = postSolution
		{AAE984F1-E299-41AD-B2B9-B3B42EB4569F}.Debug|Any CPU.ActiveCfg = Debug|Any CPU
		{AAE984F1-E299-41AD-B2B9-B3B42EB4569F}.Debug|Any CPU.Build.0 = Debug|Any CPU
		{AAE984F1-E299-41AD-B2B9-B3B42EB4569F}.Release|Any CPU.ActiveCfg = Release|Any CPU
		{AAE984F1-E299-41AD-B2B9-B3B42EB4569F}.Release|Any CPU.Build.0 = Release|Any CPU
	EndGlobalSection
	GlobalSection(SolutionProperties) = preSolution
		HideSolutionNode = FALSE
	EndGlobalSection
	GlobalSection(ExtensibilityGlobals) = postSolution
		SolutionGuid = {AEF46CD9-53E6-4600-80E0-C5A186A8E0D9}
	EndGlobalSection
EndGlobal
