
Microsoft Visual Studio Solution File, Format Version 12.00
# Visual Studio Version 17
VisualStudioVersion = 17.2.32630.192
MinimumVisualStudioVersion = 10.0.40219.1
Project("{FAE04EC0-301F-11D3-BF4B-00C04F79EFBC}") = "Lecture8Demo2", "Lecture8Demo2\Lecture8Demo2.csproj", "{6733B7D0-F997-4D25-AF99-684BA52439BD}"
EndProject
Global
	GlobalSection(SolutionConfigurationPlatforms) = preSolution
		Debug|Any CPU = Debug|Any CPU
		Release|Any CPU = Release|Any CPU
	EndGlobalSection
	GlobalSection(ProjectConfigurationPlatforms) = postSolution
		{6733B7D0-F997-4D25-AF99-684BA52439BD}.Debug|Any CPU.ActiveCfg = Debug|Any CPU
		{6733B7D0-F997-4D25-AF99-684BA52439BD}.Debug|Any CPU.Build.0 = Debug|Any CPU
		{6733B7D0-F997-4D25-AF99-684BA52439BD}.Release|Any CPU.ActiveCfg = Release|Any CPU
		{6733B7D0-F997-4D25-AF99-684BA52439BD}.Release|Any CPU.Build.0 = Release|Any CPU
	EndGlobalSection
	GlobalSection(SolutionProperties) = preSolution
		HideSolutionNode = FALSE
	EndGlobalSection
	GlobalSection(ExtensibilityGlobals) = postSolution
		SolutionGuid = {DB1EB1E2-CC11-4232-BFC4-2D3F061E1340}
	EndGlobalSection
EndGlobal
