
Microsoft Visual Studio Solution File, Format Version 12.00
# Visual Studio Version 17
VisualStudioVersion = 17.2.32630.192
MinimumVisualStudioVersion = 10.0.40219.1
Project("{FAE04EC0-301F-11D3-BF4B-00C04F79EFBC}") = "Lecture10Exercise2", "Lecture10Exercise2\Lecture10Exercise2.csproj", "{DFCE250B-938C-4BA1-B7AA-54F88D764291}"
EndProject
Global
	GlobalSection(SolutionConfigurationPlatforms) = preSolution
		Debug|Any CPU = Debug|Any CPU
		Release|Any CPU = Release|Any CPU
	EndGlobalSection
	GlobalSection(ProjectConfigurationPlatforms) = postSolution
		{DFCE250B-938C-4BA1-B7AA-54F88D764291}.Debug|Any CPU.ActiveCfg = Debug|Any CPU
		{DFCE250B-938C-4BA1-B7AA-54F88D764291}.Debug|Any CPU.Build.0 = Debug|Any CPU
		{DFCE250B-938C-4BA1-B7AA-54F88D764291}.Release|Any CPU.ActiveCfg = Release|Any CPU
		{DFCE250B-938C-4BA1-B7AA-54F88D764291}.Release|Any CPU.Build.0 = Release|Any CPU
	EndGlobalSection
	GlobalSection(SolutionProperties) = preSolution
		HideSolutionNode = FALSE
	EndGlobalSection
	GlobalSection(ExtensibilityGlobals) = postSolution
		SolutionGuid = {A206BB4B-E0A7-43AB-B0E5-3F8A294EE195}
	EndGlobalSection
EndGlobal
