
Microsoft Visual Studio Solution File, Format Version 12.00
# Visual Studio Version 17
VisualStudioVersion = 17.2.32630.192
MinimumVisualStudioVersion = 10.0.40219.1
Project("{FAE04EC0-301F-11D3-BF4B-00C04F79EFBC}") = "Lecture11Demo2", "Lecture11Demo2\Lecture11Demo2.csproj", "{2F781AF3-D569-47AC-9603-3EC97315C686}"
EndProject
Global
	GlobalSection(SolutionConfigurationPlatforms) = preSolution
		Debug|Any CPU = Debug|Any CPU
		Release|Any CPU = Release|Any CPU
	EndGlobalSection
	GlobalSection(ProjectConfigurationPlatforms) = postSolution
		{2F781AF3-D569-47AC-9603-3EC97315C686}.Debug|Any CPU.ActiveCfg = Debug|Any CPU
		{2F781AF3-D569-47AC-9603-3EC97315C686}.Debug|Any CPU.Build.0 = Debug|Any CPU
		{2F781AF3-D569-47AC-9603-3EC97315C686}.Release|Any CPU.ActiveCfg = Release|Any CPU
		{2F781AF3-D569-47AC-9603-3EC97315C686}.Release|Any CPU.Build.0 = Release|Any CPU
	EndGlobalSection
	GlobalSection(SolutionProperties) = preSolution
		HideSolutionNode = FALSE
	EndGlobalSection
	GlobalSection(ExtensibilityGlobals) = postSolution
		SolutionGuid = {9B762138-B69B-4DB7-8C6F-775053FB3555}
	EndGlobalSection
EndGlobal
