
Microsoft Visual Studio Solution File, Format Version 12.00
# Visual Studio Version 17
VisualStudioVersion = 17.2.32630.192
MinimumVisualStudioVersion = 10.0.40219.1
Project("{FAE04EC0-301F-11D3-BF4B-00C04F79EFBC}") = "Lecture7demo1", "Lecture7demo1\Lecture7demo1.csproj", "{F81588E4-747E-4270-808A-6949C0114BF3}"
EndProject
Global
	GlobalSection(SolutionConfigurationPlatforms) = preSolution
		Debug|Any CPU = Debug|Any CPU
		Release|Any CPU = Release|Any CPU
	EndGlobalSection
	GlobalSection(ProjectConfigurationPlatforms) = postSolution
		{F81588E4-747E-4270-808A-6949C0114BF3}.Debug|Any CPU.ActiveCfg = Debug|Any CPU
		{F81588E4-747E-4270-808A-6949C0114BF3}.Debug|Any CPU.Build.0 = Debug|Any CPU
		{F81588E4-747E-4270-808A-6949C0114BF3}.Release|Any CPU.ActiveCfg = Release|Any CPU
		{F81588E4-747E-4270-808A-6949C0114BF3}.Release|Any CPU.Build.0 = Release|Any CPU
	EndGlobalSection
	GlobalSection(SolutionProperties) = preSolution
		HideSolutionNode = FALSE
	EndGlobalSection
	GlobalSection(ExtensibilityGlobals) = postSolution
		SolutionGuid = {5FACB7A0-4073-4300-A704-0C998DCBDBF2}
	EndGlobalSection
EndGlobal
