
Microsoft Visual Studio Solution File, Format Version 12.00
# Visual Studio Version 17
VisualStudioVersion = 17.2.32630.192
MinimumVisualStudioVersion = 10.0.40219.1
Project("{FAE04EC0-301F-11D3-BF4B-00C04F79EFBC}") = "Lecture4-Exercise1", "Lecture4-Exercise1\Lecture4-Exercise1.csproj", "{721B7D4B-BDD6-402A-8229-5EAC04A601C2}"
EndProject
Global
	GlobalSection(SolutionConfigurationPlatforms) = preSolution
		Debug|Any CPU = Debug|Any CPU
		Release|Any CPU = Release|Any CPU
	EndGlobalSection
	GlobalSection(ProjectConfigurationPlatforms) = postSolution
		{721B7D4B-BDD6-402A-8229-5EAC04A601C2}.Debug|Any CPU.ActiveCfg = Debug|Any CPU
		{721B7D4B-BDD6-402A-8229-5EAC04A601C2}.Debug|Any CPU.Build.0 = Debug|Any CPU
		{721B7D4B-BDD6-402A-8229-5EAC04A601C2}.Release|Any CPU.ActiveCfg = Release|Any CPU
		{721B7D4B-BDD6-402A-8229-5EAC04A601C2}.Release|Any CPU.Build.0 = Release|Any CPU
	EndGlobalSection
	GlobalSection(SolutionProperties) = preSolution
		HideSolutionNode = FALSE
	EndGlobalSection
	GlobalSection(ExtensibilityGlobals) = postSolution
		SolutionGuid = {98C30B0A-5EB0-4EED-952C-2E5BE16F99E3}
	EndGlobalSection
EndGlobal
