
Microsoft Visual Studio Solution File, Format Version 12.00
# Visual Studio Version 17
VisualStudioVersion = 17.2.32630.192
MinimumVisualStudioVersion = 10.0.40219.1
Project("{FAE04EC0-301F-11D3-BF4B-00C04F79EFBC}") = "Lecture11Exercise5", "Lecture11Exercise5\Lecture11Exercise5.csproj", "{B27412BB-75B2-4125-B66C-8C1162F17EEF}"
EndProject
Global
	GlobalSection(SolutionConfigurationPlatforms) = preSolution
		Debug|Any CPU = Debug|Any CPU
		Release|Any CPU = Release|Any CPU
	EndGlobalSection
	GlobalSection(ProjectConfigurationPlatforms) = postSolution
		{B27412BB-75B2-4125-B66C-8C1162F17EEF}.Debug|Any CPU.ActiveCfg = Debug|Any CPU
		{B27412BB-75B2-4125-B66C-8C1162F17EEF}.Debug|Any CPU.Build.0 = Debug|Any CPU
		{B27412BB-75B2-4125-B66C-8C1162F17EEF}.Release|Any CPU.ActiveCfg = Release|Any CPU
		{B27412BB-75B2-4125-B66C-8C1162F17EEF}.Release|Any CPU.Build.0 = Release|Any CPU
	EndGlobalSection
	GlobalSection(SolutionProperties) = preSolution
		HideSolutionNode = FALSE
	EndGlobalSection
	GlobalSection(ExtensibilityGlobals) = postSolution
		SolutionGuid = {978A6D6E-7DCB-466E-AF43-B24EAE599FF3}
	EndGlobalSection
EndGlobal
